
Microsoft Visual Studio Solution File, Format Version 12.00
# Visual Studio Version 17
VisualStudioVersion = 17.0.31903.59
MinimumVisualStudioVersion = 10.0.40219.1
Project("{FAE04EC0-301F-11D3-BF4B-00C04F79EFBC}") = "DesktopAssistantLite.App", "DesktopAssistantLite.App\DesktopAssistantLite.App.csproj", "{B8BB0F85-449D-443A-9851-77C95995B1BF}"
EndProject
Global
	GlobalSection(SolutionConfigurationPlatforms) = preSolution
		Debug|Any CPU = Debug|Any CPU
		Release|Any CPU = Release|Any CPU
	EndGlobalSection
	GlobalSection(SolutionProperties) = preSolution
		HideSolutionNode = FALSE
	EndGlobalSection
	GlobalSection(ProjectConfigurationPlatforms) = postSolution
		{B8BB0F85-449D-443A-9851-77C95995B1BF}.Debug|Any CPU.ActiveCfg = Debug|Any CPU
		{B8BB0F85-449D-443A-9851-77C95995B1BF}.Debug|Any CPU.Build.0 = Debug|Any CPU
		{B8BB0F85-449D-443A-9851-77C95995B1BF}.Release|Any CPU.ActiveCfg = Release|Any CPU
		{B8BB0F85-449D-443A-9851-77C95995B1BF}.Release|Any CPU.Build.0 = Release|Any CPU
	EndGlobalSection
EndGlobal
